
Microsoft Visual Studio Solution File, Format Version 12.00
# Visual Studio Version 17
VisualStudioVersion = 17.7.34202.233
MinimumVisualStudioVersion = 10.0.40219.1
Project("{FAE04EC0-301F-11D3-BF4B-00C04F79EFBC}") = "UchebkaDEMO", "UchebkaDEMO\UchebkaDEMO.csproj", "{2177DD0D-DADF-4F5E-A211-13489699420F}"
EndProject
Global
	GlobalSection(SolutionConfigurationPlatforms) = preSolution
		Debug|Any CPU = Debug|Any CPU
		Release|Any CPU = Release|Any CPU
	EndGlobalSection
	GlobalSection(ProjectConfigurationPlatforms) = postSolution
		{2177DD0D-DADF-4F5E-A211-13489699420F}.Debug|Any CPU.ActiveCfg = Debug|Any CPU
		{2177DD0D-DADF-4F5E-A211-13489699420F}.Debug|Any CPU.Build.0 = Debug|Any CPU
		{2177DD0D-DADF-4F5E-A211-13489699420F}.Release|Any CPU.ActiveCfg = Release|Any CPU
		{2177DD0D-DADF-4F5E-A211-13489699420F}.Release|Any CPU.Build.0 = Release|Any CPU
	EndGlobalSection
	GlobalSection(SolutionProperties) = preSolution
		HideSolutionNode = FALSE
	EndGlobalSection
	GlobalSection(ExtensibilityGlobals) = postSolution
		SolutionGuid = {88069816-063F-499E-98AB-2C8F776E3231}
	EndGlobalSection
EndGlobal
